
Microsoft Visual Studio Solution File, Format Version 12.00
# Visual Studio 15
VisualStudioVersion = 15.0.27703.2035
MinimumVisualStudioVersion = 10.0.40219.1
Project("{FAE04EC0-301F-11D3-BF4B-00C04F79EFBC}") = "MarathonDesktop", "MarathonDesktop\MarathonDesktop.csproj", "{E824DE8D-6ABD-40AC-AD02-1B9A5658F9E3}"
EndProject
Global
	GlobalSection(SolutionConfigurationPlatforms) = preSolution
		Debug|Any CPU = Debug|Any CPU
		Release|Any CPU = Release|Any CPU
	EndGlobalSection
	GlobalSection(ProjectConfigurationPlatforms) = postSolution
		{E824DE8D-6ABD-40AC-AD02-1B9A5658F9E3}.Debug|Any CPU.ActiveCfg = Debug|Any CPU
		{E824DE8D-6ABD-40AC-AD02-1B9A5658F9E3}.Debug|Any CPU.Build.0 = Debug|Any CPU
		{E824DE8D-6ABD-40AC-AD02-1B9A5658F9E3}.Release|Any CPU.ActiveCfg = Release|Any CPU
		{E824DE8D-6ABD-40AC-AD02-1B9A5658F9E3}.Release|Any CPU.Build.0 = Release|Any CPU
	EndGlobalSection
	GlobalSection(SolutionProperties) = preSolution
		HideSolutionNode = FALSE
	EndGlobalSection
	GlobalSection(ExtensibilityGlobals) = postSolution
		SolutionGuid = {27EC8A39-42F1-47FA-B346-9E1EE83A396B}
	EndGlobalSection
EndGlobal
